PODS:
  - background_fetch (1.2.1):
    - Flutter
  - CocoaLumberjack (3.7.4):
    - CocoaLumberjack/Core (= 3.7.4)
  - CocoaLumberjack/Core (3.7.4)
  - Flutter (1.0.0)
  - flutter_background_geolocation (4.13.5):
    - CocoaLumberjack (~> 3.7.2)
    - Flutter
  - flutter_compass (0.0.1):
    - Flutter
  - geolocator_apple (1.2.0):
    - Flutter

DEPENDENCIES:
  - background_fetch (from `.symlinks/plugins/background_fetch/ios`)
  - Flutter (from `Flutter`)
  - flutter_background_geolocation (from `.symlinks/plugins/flutter_background_geolocation/ios`)
  - flutter_compass (from `.symlinks/plugins/flutter_compass/ios`)
  - geolocator_apple (from `.symlinks/plugins/geolocator_apple/ios`)

SPEC REPOS:
  trunk:
    - CocoaLumberjack

EXTERNAL SOURCES:
  background_fetch:
    :path: ".symlinks/plugins/background_fetch/ios"
  Flutter:
    :path: Flutter
  flutter_background_geolocation:
    :path: ".symlinks/plugins/flutter_background_geolocation/ios"
  flutter_compass:
    :path: ".symlinks/plugins/flutter_compass/ios"
  geolocator_apple:
    :path: ".symlinks/plugins/geolocator_apple/ios"

SPEC CHECKSUMS:
  background_fetch: 896944864b038d2837fc750d470e9841e1e6a363
  CocoaLumberjack: 543c79c114dadc3b1aba95641d8738b06b05b646
  Flutter: f04841e97a9d0b0a8025694d0796dd46242b2854
  flutter_background_geolocation: f9756c4bee0da60f77a8b46d5a6254880c56de1c
  flutter_compass: cbbd285cea1584c7ac9c4e0c3e1f17cbea55e855
  geolocator_apple: cc556e6844d508c95df1e87e3ea6fa4e58c50401

PODFILE CHECKSUM: 70d9d25280d0dd177a5f637cdb0f0b0b12c6a189

COCOAPODS: 1.14.3
